{
  "lockfileVersion": 1,
  "workspaces": {
    "": {
      "name": "cli",
      "dependencies": {
        "install": "^0.13.0",
        "openai": "^5.16.0",
      },
    },
  },
  "packages": {
    "install": ["install@0.13.0", "", {}, "sha512-zDml/jzr2PKU9I8J/xyZBQn8rPCAY//UOYNmR01XwNwyfhEWObo2SWfSl1+0tm1u6PhxLwDnfsT/6jB7OUxqFA=="],

    "openai": ["openai@5.19.1", "", { "peerDependencies": { "ws": "^8.18.0", "zod": "^3.23.8" }, "optionalPeers": ["ws", "zod"], "bin": { "openai": "bin/cli" } }, "sha512-zSqnUF7oR9ksmpusKkpUgkNrj8Sl57U+OyzO8jzc7LUjTMg4DRfR3uCm+EIMA6iw06sRPNp4t7ojp3sCpEUZRQ=="],
  }
}
